<?xml version="1.0" encoding="UTF-8"?>
<CodeBlocks_project_file>
	<FileVersion major="1" minor="6"/>
	<Project>
		<Option title="."/>
		<Option makefile_is_custom="1"/>
		<Option compiler="clang"/>
		<Option virtualFolders="CMake Files\;CMake Files\emsdk\;CMake Files\emsdk\upstream\;CMake Files\emsdk\upstream\emscripten\;CMake Files\emsdk\upstream\emscripten\cmake\;CMake Files\emsdk\upstream\emscripten\cmake\Modules\;CMake Files\emsdk\upstream\emscripten\cmake\Modules\Platform\;"/>
		<Build>
			<Target title="all">
				<Option working_dir="/home/swaggan/Lectures/advanced-cpp-programming/exercises/cpp-lecture-exercises/exercise6/web-library"/>
				<Option type="4"/>
				<MakeCommands>
					<Build command="/usr/bin/make -f &quot;/home/swaggan/Lectures/advanced-cpp-programming/exercises/cpp-lecture-exercises/exercise6/web-library/Makefile&quot;  VERBOSE=1 all"/>
					<CompileFile command="/usr/bin/make -f &quot;/home/swaggan/Lectures/advanced-cpp-programming/exercises/cpp-lecture-exercises/exercise6/web-library/Makefile&quot;  VERBOSE=1 &quot;$file&quot;"/>
					<Clean command="/usr/bin/make -f &quot;/home/swaggan/Lectures/advanced-cpp-programming/exercises/cpp-lecture-exercises/exercise6/web-library/Makefile&quot;  VERBOSE=1 clean"/>
					<DistClean command="/usr/bin/make -f &quot;/home/swaggan/Lectures/advanced-cpp-programming/exercises/cpp-lecture-exercises/exercise6/web-library/Makefile&quot;  VERBOSE=1 clean"/>
				</MakeCommands>
			</Target>
			<Target title="rebuild_cache">
				<Option working_dir="/home/swaggan/Lectures/advanced-cpp-programming/exercises/cpp-lecture-exercises/exercise6/web-library"/>
				<Option type="4"/>
				<MakeCommands>
					<Build command="/usr/bin/make -f &quot;/home/swaggan/Lectures/advanced-cpp-programming/exercises/cpp-lecture-exercises/exercise6/web-library/Makefile&quot;  VERBOSE=1 rebuild_cache"/>
					<CompileFile command="/usr/bin/make -f &quot;/home/swaggan/Lectures/advanced-cpp-programming/exercises/cpp-lecture-exercises/exercise6/web-library/Makefile&quot;  VERBOSE=1 &quot;$file&quot;"/>
					<Clean command="/usr/bin/make -f &quot;/home/swaggan/Lectures/advanced-cpp-programming/exercises/cpp-lecture-exercises/exercise6/web-library/Makefile&quot;  VERBOSE=1 clean"/>
					<DistClean command="/usr/bin/make -f &quot;/home/swaggan/Lectures/advanced-cpp-programming/exercises/cpp-lecture-exercises/exercise6/web-library/Makefile&quot;  VERBOSE=1 clean"/>
				</MakeCommands>
			</Target>
			<Target title="edit_cache">
				<Option working_dir="/home/swaggan/Lectures/advanced-cpp-programming/exercises/cpp-lecture-exercises/exercise6/web-library"/>
				<Option type="4"/>
				<MakeCommands>
					<Build command="/usr/bin/make -f &quot;/home/swaggan/Lectures/advanced-cpp-programming/exercises/cpp-lecture-exercises/exercise6/web-library/Makefile&quot;  VERBOSE=1 edit_cache"/>
					<CompileFile command="/usr/bin/make -f &quot;/home/swaggan/Lectures/advanced-cpp-programming/exercises/cpp-lecture-exercises/exercise6/web-library/Makefile&quot;  VERBOSE=1 &quot;$file&quot;"/>
					<Clean command="/usr/bin/make -f &quot;/home/swaggan/Lectures/advanced-cpp-programming/exercises/cpp-lecture-exercises/exercise6/web-library/Makefile&quot;  VERBOSE=1 clean"/>
					<DistClean command="/usr/bin/make -f &quot;/home/swaggan/Lectures/advanced-cpp-programming/exercises/cpp-lecture-exercises/exercise6/web-library/Makefile&quot;  VERBOSE=1 clean"/>
				</MakeCommands>
			</Target>
			<Target title="process">
				<Option output="/home/swaggan/Lectures/advanced-cpp-programming/exercises/cpp-lecture-exercises/exercise6/web-library/libprocess.a" prefix_auto="0" extension_auto="0"/>
				<Option working_dir="/home/swaggan/Lectures/advanced-cpp-programming/exercises/cpp-lecture-exercises/exercise6/web-library"/>
				<Option object_output="./"/>
				<Option type="2"/>
				<Option compiler="clang"/>
				<Compiler/>
				<MakeCommands>
					<Build command="/usr/bin/make -f &quot;/home/swaggan/Lectures/advanced-cpp-programming/exercises/cpp-lecture-exercises/exercise6/web-library/Makefile&quot;  VERBOSE=1 process"/>
					<CompileFile command="/usr/bin/make -f &quot;/home/swaggan/Lectures/advanced-cpp-programming/exercises/cpp-lecture-exercises/exercise6/web-library/Makefile&quot;  VERBOSE=1 &quot;$file&quot;"/>
					<Clean command="/usr/bin/make -f &quot;/home/swaggan/Lectures/advanced-cpp-programming/exercises/cpp-lecture-exercises/exercise6/web-library/Makefile&quot;  VERBOSE=1 clean"/>
					<DistClean command="/usr/bin/make -f &quot;/home/swaggan/Lectures/advanced-cpp-programming/exercises/cpp-lecture-exercises/exercise6/web-library/Makefile&quot;  VERBOSE=1 clean"/>
				</MakeCommands>
			</Target>
			<Target title="process/fast">
				<Option output="/home/swaggan/Lectures/advanced-cpp-programming/exercises/cpp-lecture-exercises/exercise6/web-library/libprocess.a" prefix_auto="0" extension_auto="0"/>
				<Option working_dir="/home/swaggan/Lectures/advanced-cpp-programming/exercises/cpp-lecture-exercises/exercise6/web-library"/>
				<Option object_output="./"/>
				<Option type="2"/>
				<Option compiler="clang"/>
				<Compiler/>
				<MakeCommands>
					<Build command="/usr/bin/make -f &quot;/home/swaggan/Lectures/advanced-cpp-programming/exercises/cpp-lecture-exercises/exercise6/web-library/Makefile&quot;  VERBOSE=1 process/fast"/>
					<CompileFile command="/usr/bin/make -f &quot;/home/swaggan/Lectures/advanced-cpp-programming/exercises/cpp-lecture-exercises/exercise6/web-library/Makefile&quot;  VERBOSE=1 &quot;$file&quot;"/>
					<Clean command="/usr/bin/make -f &quot;/home/swaggan/Lectures/advanced-cpp-programming/exercises/cpp-lecture-exercises/exercise6/web-library/Makefile&quot;  VERBOSE=1 clean"/>
					<DistClean command="/usr/bin/make -f &quot;/home/swaggan/Lectures/advanced-cpp-programming/exercises/cpp-lecture-exercises/exercise6/web-library/Makefile&quot;  VERBOSE=1 clean"/>
				</MakeCommands>
			</Target>
		</Build>
		<Unit filename="/home/swaggan/Lectures/advanced-cpp-programming/exercises/cpp-lecture-exercises/exercise6/web-library/process.cpp">
			<Option target="process"/>
		</Unit>
		<Unit filename="/home/swaggan/Lectures/advanced-cpp-programming/exercises/cpp-lecture-exercises/exercise6/web-library/CMakeLists.txt">
			<Option virtualFolder="CMake Files\"/>
		</Unit>
		<Unit filename="/home/swaggan/Lectures/advanced-cpp-programming/exercises/cpp-lecture-exercises/exercise6/web-library/emsdk/upstream/emscripten/cmake/Modules/CMakeSystemSpecificInformation.cmake">
			<Option virtualFolder="CMake Files\emsdk\upstream\emscripten\cmake\Modules\"/>
		</Unit>
		<Unit filename="/home/swaggan/Lectures/advanced-cpp-programming/exercises/cpp-lecture-exercises/exercise6/web-library/emsdk/upstream/emscripten/cmake/Modules/Platform/Emscripten.cmake">
			<Option virtualFolder="CMake Files\emsdk\upstream\emscripten\cmake\Modules\Platform\"/>
		</Unit>
	</Project>
</CodeBlocks_project_file>
